
Microsoft Visual Studio Solution File, Format Version 12.00
# Visual Studio 15
VisualStudioVersion = 15.0.27428.2015
MinimumVisualStudioVersion = 10.0.40219.1
Project("{FAE04EC0-301F-11D3-BF4B-00C04F79EFBC}") = "AuburnRandall.Web", "..\..\personal-website\PersonalWebsite\AuburnRandall.Web\AuburnRandall.Web.csproj", "{AC6F6503-D2A4-4954-8066-484A3270B4B6}"
EndProject
Project("{FAE04EC0-301F-11D3-BF4B-00C04F79EFBC}") = "AuburnRandall.Core", "AuburnRandall.Core\AuburnRandall.Core.csproj", "{9CD24166-0738-4725-8CFB-DE018BCF3B95}"
EndProject
Global
	GlobalSection(SolutionConfigurationPlatforms) = preSolution
		Debug|Any CPU = Debug|Any CPU
		Release|Any CPU = Release|Any CPU
	EndGlobalSection
	GlobalSection(ProjectConfigurationPlatforms) = postSolution
		{AC6F6503-D2A4-4954-8066-484A3270B4B6}.Debug|Any CPU.ActiveCfg = Debug|Any CPU
		{AC6F6503-D2A4-4954-8066-484A3270B4B6}.Debug|Any CPU.Build.0 = Debug|Any CPU
		{AC6F6503-D2A4-4954-8066-484A3270B4B6}.Release|Any CPU.ActiveCfg = Release|Any CPU
		{AC6F6503-D2A4-4954-8066-484A3270B4B6}.Release|Any CPU.Build.0 = Release|Any CPU
		{9CD24166-0738-4725-8CFB-DE018BCF3B95}.Debug|Any CPU.ActiveCfg = Debug|Any CPU
		{9CD24166-0738-4725-8CFB-DE018BCF3B95}.Debug|Any CPU.Build.0 = Debug|Any CPU
		{9CD24166-0738-4725-8CFB-DE018BCF3B95}.Release|Any CPU.ActiveCfg = Release|Any CPU
		{9CD24166-0738-4725-8CFB-DE018BCF3B95}.Release|Any CPU.Build.0 = Release|Any CPU
	EndGlobalSection
	GlobalSection(SolutionProperties) = preSolution
		HideSolutionNode = FALSE
	EndGlobalSection
	GlobalSection(ExtensibilityGlobals) = postSolution
		SolutionGuid = {A8CA79A5-3923-48B9-871E-58C0978B5600}
	EndGlobalSection
EndGlobal
